
Microsoft Visual Studio Solution File, Format Version 12.00
# Visual Studio Version 17
VisualStudioVersion = 17.13.35931.197 d17.13
MinimumVisualStudioVersion = 10.0.40219.1
Project("{FAE04EC0-301F-11D3-BF4B-00C04F79EFBC}") = "Scp999", "Scp999.csproj", "{3ABF5504-A3CD-45ED-81C9-F7AFC9678651}"
EndProject
Project("{FAE04EC0-301F-11D3-BF4B-00C04F79EFBC}") = "RoleAPI", "..\RoleAPI\RoleAPI.csproj", "{028E6E9B-F1F3-4668-A103-D78156192E8C}"
EndProject
Global
	GlobalSection(SolutionConfigurationPlatforms) = preSolution
		Release|Any CPU = Release|Any CPU
	EndGlobalSection
	GlobalSection(ProjectConfigurationPlatforms) = postSolution
		{3ABF5504-A3CD-45ED-81C9-F7AFC9678651}.Release|Any CPU.ActiveCfg = Release|Any CPU
		{3ABF5504-A3CD-45ED-81C9-F7AFC9678651}.Release|Any CPU.Build.0 = Release|Any CPU
		{028E6E9B-F1F3-4668-A103-D78156192E8C}.Release|Any CPU.ActiveCfg = Release|Any CPU
		{028E6E9B-F1F3-4668-A103-D78156192E8C}.Release|Any CPU.Build.0 = Release|Any CPU
	EndGlobalSection
	GlobalSection(SolutionProperties) = preSolution
		HideSolutionNode = FALSE
	EndGlobalSection
EndGlobal
